
Microsoft Visual Studio Solution File, Format Version 12.00
# Visual Studio 15
VisualStudioVersion = 15.0.27130.2010
MinimumVisualStudioVersion = 10.0.40219.1
Project("{FAE04EC0-301F-11D3-BF4B-00C04F79EFBC}") = "FirstNotRepeatingCharacter", "FirstNotRepeatingCharacter\FirstNotRepeatingCharacter.csproj", "{D87E48E1-5751-4F54-8E40-440EFB9BD619}"
EndProject
Global
	GlobalSection(SolutionConfigurationPlatforms) = preSolution
		Debug|Any CPU = Debug|Any CPU
		Release|Any CPU = Release|Any CPU
	EndGlobalSection
	GlobalSection(ProjectConfigurationPlatforms) = postSolution
		{D87E48E1-5751-4F54-8E40-440EFB9BD619}.Debug|Any CPU.ActiveCfg = Debug|Any CPU
		{D87E48E1-5751-4F54-8E40-440EFB9BD619}.Debug|Any CPU.Build.0 = Debug|Any CPU
		{D87E48E1-5751-4F54-8E40-440EFB9BD619}.Release|Any CPU.ActiveCfg = Release|Any CPU
		{D87E48E1-5751-4F54-8E40-440EFB9BD619}.Release|Any CPU.Build.0 = Release|Any CPU
	EndGlobalSection
	GlobalSection(SolutionProperties) = preSolution
		HideSolutionNode = FALSE
	EndGlobalSection
	GlobalSection(ExtensibilityGlobals) = postSolution
		SolutionGuid = {5965CF2F-906E-42FE-92DB-4D7369E65849}
	EndGlobalSection
EndGlobal
